
Microsoft Visual Studio Solution File, Format Version 12.00
# Visual Studio 15
VisualStudioVersion = 15.0.26730.10
MinimumVisualStudioVersion = 10.0.40219.1
Project("{2150E333-8FDC-42A3-9474-1A3956D46DE8}") = "Clipper", "Clipper", "{E0392463-BFCE-4CBE-BAE6-552F34C0516F}"
EndProject
Project("{D954291E-2A0B-460D-934E-DC6B0785DB48}") = "Clipper.Shared", "Clipper\Clipper.Shared\Clipper.Shared.shproj", "{C5A3C128-F0F4-453A-B4B3-5CD472EA2F1C}"
EndProject
Project("{FAE04EC0-301F-11D3-BF4B-00C04F79EFBC}") = "Clipper.Windows", "Clipper\Clipper.Windows\Clipper.Windows.csproj", "{D70DD51E-537C-4812-BA03-D75BC073CA4D}"
EndProject
Project("{FAE04EC0-301F-11D3-BF4B-00C04F79EFBC}") = "Clipper.WindowsPhone", "Clipper\Clipper.WindowsPhone\Clipper.WindowsPhone.csproj", "{2218C09E-7D53-4C0C-AD2D-1AC936F01511}"
EndProject
Project("{FAE04EC0-301F-11D3-BF4B-00C04F79EFBC}") = "Clipper2", "Clipper2\Clipper2.csproj", "{06F3AB4F-A121-4813-8ED8-8A22DB2C5830}"
EndProject
Global
	GlobalSection(SharedMSBuildProjectFiles) = preSolution
		Clipper\Clipper.Shared\Clipper.Shared.projitems*{2218c09e-7d53-4c0c-ad2d-1ac936f01511}*SharedItemsImports = 4
		Clipper\Clipper.Shared\Clipper.Shared.projitems*{c5a3c128-f0f4-453a-b4b3-5cd472ea2f1c}*SharedItemsImports = 13
		Clipper\Clipper.Shared\Clipper.Shared.projitems*{d70dd51e-537c-4812-ba03-d75bc073ca4d}*SharedItemsImports = 4
	EndGlobalSection
	GlobalSection(SolutionConfigurationPlatforms) = preSolution
		Debug|Any CPU = Debug|Any CPU
		Debug|ARM = Debug|ARM
		Debug|x64 = Debug|x64
		Debug|x86 = Debug|x86
		Release|Any CPU = Release|Any CPU
		Release|ARM = Release|ARM
		Release|x64 = Release|x64
		Release|x86 = Release|x86
	EndGlobalSection
	GlobalSection(ProjectConfigurationPlatforms) = postSolution
		{D70DD51E-537C-4812-BA03-D75BC073CA4D}.Debug|Any CPU.ActiveCfg = Debug|Any CPU
		{D70DD51E-537C-4812-BA03-D75BC073CA4D}.Debug|Any CPU.Build.0 = Debug|Any CPU
		{D70DD51E-537C-4812-BA03-D75BC073CA4D}.Debug|Any CPU.Deploy.0 = Debug|Any CPU
		{D70DD51E-537C-4812-BA03-D75BC073CA4D}.Debug|ARM.ActiveCfg = Debug|ARM
		{D70DD51E-537C-4812-BA03-D75BC073CA4D}.Debug|ARM.Build.0 = Debug|ARM
		{D70DD51E-537C-4812-BA03-D75BC073CA4D}.Debug|ARM.Deploy.0 = Debug|ARM
		{D70DD51E-537C-4812-BA03-D75BC073CA4D}.Debug|x64.ActiveCfg = Debug|x64
		{D70DD51E-537C-4812-BA03-D75BC073CA4D}.Debug|x64.Build.0 = Debug|x64
		{D70DD51E-537C-4812-BA03-D75BC073CA4D}.Debug|x64.Deploy.0 = Debug|x64
		{D70DD51E-537C-4812-BA03-D75BC073CA4D}.Debug|x86.ActiveCfg = Debug|x86
		{D70DD51E-537C-4812-BA03-D75BC073CA4D}.Debug|x86.Build.0 = Debug|x86
		{D70DD51E-537C-4812-BA03-D75BC073CA4D}.Debug|x86.Deploy.0 = Debug|x86
		{D70DD51E-537C-4812-BA03-D75BC073CA4D}.Release|Any CPU.ActiveCfg = Release|Any CPU
		{D70DD51E-537C-4812-BA03-D75BC073CA4D}.Release|Any CPU.Build.0 = Release|Any CPU
		{D70DD51E-537C-4812-BA03-D75BC073CA4D}.Release|Any CPU.Deploy.0 = Release|Any CPU
		{D70DD51E-537C-4812-BA03-D75BC073CA4D}.Release|ARM.ActiveCfg = Release|ARM
		{D70DD51E-537C-4812-BA03-D75BC073CA4D}.Release|ARM.Build.0 = Release|ARM
		{D70DD51E-537C-4812-BA03-D75BC073CA4D}.Release|ARM.Deploy.0 = Release|ARM
		{D70DD51E-537C-4812-BA03-D75BC073CA4D}.Release|x64.ActiveCfg = Release|x64
		{D70DD51E-537C-4812-BA03-D75BC073CA4D}.Release|x64.Build.0 = Release|x64
		{D70DD51E-537C-4812-BA03-D75BC073CA4D}.Release|x64.Deploy.0 = Release|x64
		{D70DD51E-537C-4812-BA03-D75BC073CA4D}.Release|x86.ActiveCfg = Release|x86
		{D70DD51E-537C-4812-BA03-D75BC073CA4D}.Release|x86.Build.0 = Release|x86
		{D70DD51E-537C-4812-BA03-D75BC073CA4D}.Release|x86.Deploy.0 = Release|x86
		{2218C09E-7D53-4C0C-AD2D-1AC936F01511}.Debug|Any CPU.ActiveCfg = Debug|Any CPU
		{2218C09E-7D53-4C0C-AD2D-1AC936F01511}.Debug|Any CPU.Build.0 = Debug|Any CPU
		{2218C09E-7D53-4C0C-AD2D-1AC936F01511}.Debug|Any CPU.Deploy.0 = Debug|Any CPU
		{2218C09E-7D53-4C0C-AD2D-1AC936F01511}.Debug|ARM.ActiveCfg = Debug|ARM
		{2218C09E-7D53-4C0C-AD2D-1AC936F01511}.Debug|ARM.Build.0 = Debug|ARM
		{2218C09E-7D53-4C0C-AD2D-1AC936F01511}.Debug|ARM.Deploy.0 = Debug|ARM
		{2218C09E-7D53-4C0C-AD2D-1AC936F01511}.Debug|x64.ActiveCfg = Debug|Any CPU
		{2218C09E-7D53-4C0C-AD2D-1AC936F01511}.Debug|x86.ActiveCfg = Debug|x86
		{2218C09E-7D53-4C0C-AD2D-1AC936F01511}.Debug|x86.Build.0 = Debug|x86
		{2218C09E-7D53-4C0C-AD2D-1AC936F01511}.Debug|x86.Deploy.0 = Debug|x86
		{2218C09E-7D53-4C0C-AD2D-1AC936F01511}.Release|Any CPU.ActiveCfg = Release|Any CPU
		{2218C09E-7D53-4C0C-AD2D-1AC936F01511}.Release|Any CPU.Build.0 = Release|Any CPU
		{2218C09E-7D53-4C0C-AD2D-1AC936F01511}.Release|Any CPU.Deploy.0 = Release|Any CPU
		{2218C09E-7D53-4C0C-AD2D-1AC936F01511}.Release|ARM.ActiveCfg = Release|ARM
		{2218C09E-7D53-4C0C-AD2D-1AC936F01511}.Release|ARM.Build.0 = Release|ARM
		{2218C09E-7D53-4C0C-AD2D-1AC936F01511}.Release|ARM.Deploy.0 = Release|ARM
		{2218C09E-7D53-4C0C-AD2D-1AC936F01511}.Release|x64.ActiveCfg = Release|Any CPU
		{2218C09E-7D53-4C0C-AD2D-1AC936F01511}.Release|x86.ActiveCfg = Release|x86
		{2218C09E-7D53-4C0C-AD2D-1AC936F01511}.Release|x86.Build.0 = Release|x86
		{2218C09E-7D53-4C0C-AD2D-1AC936F01511}.Release|x86.Deploy.0 = Release|x86
		{06F3AB4F-A121-4813-8ED8-8A22DB2C5830}.Debug|Any CPU.ActiveCfg = Debug|x86
		{06F3AB4F-A121-4813-8ED8-8A22DB2C5830}.Debug|Any CPU.Build.0 = Debug|x86
		{06F3AB4F-A121-4813-8ED8-8A22DB2C5830}.Debug|Any CPU.Deploy.0 = Debug|x86
		{06F3AB4F-A121-4813-8ED8-8A22DB2C5830}.Debug|ARM.ActiveCfg = Debug|ARM
		{06F3AB4F-A121-4813-8ED8-8A22DB2C5830}.Debug|ARM.Build.0 = Debug|ARM
		{06F3AB4F-A121-4813-8ED8-8A22DB2C5830}.Debug|ARM.Deploy.0 = Debug|ARM
		{06F3AB4F-A121-4813-8ED8-8A22DB2C5830}.Debug|x64.ActiveCfg = Debug|x64
		{06F3AB4F-A121-4813-8ED8-8A22DB2C5830}.Debug|x64.Build.0 = Debug|x64
		{06F3AB4F-A121-4813-8ED8-8A22DB2C5830}.Debug|x64.Deploy.0 = Debug|x64
		{06F3AB4F-A121-4813-8ED8-8A22DB2C5830}.Debug|x86.ActiveCfg = Debug|x86
		{06F3AB4F-A121-4813-8ED8-8A22DB2C5830}.Debug|x86.Build.0 = Debug|x86
		{06F3AB4F-A121-4813-8ED8-8A22DB2C5830}.Debug|x86.Deploy.0 = Debug|x86
		{06F3AB4F-A121-4813-8ED8-8A22DB2C5830}.Release|Any CPU.ActiveCfg = Release|x86
		{06F3AB4F-A121-4813-8ED8-8A22DB2C5830}.Release|ARM.ActiveCfg = Release|ARM
		{06F3AB4F-A121-4813-8ED8-8A22DB2C5830}.Release|ARM.Build.0 = Release|ARM
		{06F3AB4F-A121-4813-8ED8-8A22DB2C5830}.Release|ARM.Deploy.0 = Release|ARM
		{06F3AB4F-A121-4813-8ED8-8A22DB2C5830}.Release|x64.ActiveCfg = Release|x64
		{06F3AB4F-A121-4813-8ED8-8A22DB2C5830}.Release|x64.Build.0 = Release|x64
		{06F3AB4F-A121-4813-8ED8-8A22DB2C5830}.Release|x64.Deploy.0 = Release|x64
		{06F3AB4F-A121-4813-8ED8-8A22DB2C5830}.Release|x86.ActiveCfg = Release|x86
		{06F3AB4F-A121-4813-8ED8-8A22DB2C5830}.Release|x86.Build.0 = Release|x86
		{06F3AB4F-A121-4813-8ED8-8A22DB2C5830}.Release|x86.Deploy.0 = Release|x86
	EndGlobalSection
	GlobalSection(SolutionProperties) = preSolution
		HideSolutionNode = FALSE
	EndGlobalSection
	GlobalSection(NestedProjects) = preSolution
		{C5A3C128-F0F4-453A-B4B3-5CD472EA2F1C} = {E0392463-BFCE-4CBE-BAE6-552F34C0516F}
		{D70DD51E-537C-4812-BA03-D75BC073CA4D} = {E0392463-BFCE-4CBE-BAE6-552F34C0516F}
		{2218C09E-7D53-4C0C-AD2D-1AC936F01511} = {E0392463-BFCE-4CBE-BAE6-552F34C0516F}
	EndGlobalSection
	GlobalSection(ExtensibilityGlobals) = postSolution
		SolutionGuid = {F76D0760-68DD-4C3F-A4A3-E4F18FD08314}
	EndGlobalSection
EndGlobal
